// !$*UTF8*$!
{
	archiveVersion = 1;
	classes = {
	};
	objectVersion = 46;
	objects = {

/* Begin PBXBuildFile section */
		9C46C91E1C8787C500458CD2 /* AppDelegate.swift in Sources */ = {isa = PBXBuildFile; fileRef = 9C46C91D1C8787C500458CD2 /* AppDelegate.swift */; };
		9C46C9201C8787C500458CD2 /* ViewController.swift in Sources */ = {isa = PBXBuildFile; fileRef = 9C46C91F1C8787C500458CD2 /* ViewController.swift */; };
		9C46C9231C8787C500458CD2 /* Main.storyboard in Resources */ = {isa = PBXBuildFile; fileRef = 9C46C9211C8787C500458CD2 /* Main.storyboard */; };
		9C46C9251C8787C500458CD2 /* Assets.xcassets in Resources */ = {isa = PBXBuildFile; fileRef = 9C46C9241C8787C500458CD2 /* Assets.xcassets */; };
		9C46C9281C8787C500458CD2 /* LaunchScreen.storyboard in Resources */ = {isa = PBXBuildFile; fileRef = 9C46C9261C8787C500458CD2 /* LaunchScreen.storyboard */; };
		9C46C9331C8787C500458CD2 /* tapper_extremeTests.swift in Sources */ = {isa = PBXBuildFile; fileRef = 9C46C9321C8787C500458CD2 /* tapper_extremeTests.swift */; };
		9C46C93E1C8787C500458CD2 /* tapper_extremeUITests.swift in Sources */ = {isa = PBXBuildFile; fileRef = 9C46C93D1C8787C500458CD2 /* tapper_extremeUITests.swift */; };
/* End PBXBuildFile section */

/* Begin PBXContainerItemProxy section */
		9C46C92F1C8787C500458CD2 /* PBXContainerItemProxy */ = {
			isa = PBXContainerItemProxy;
			containerPortal = 9C46C9121C8787C500458CD2 /* Project object */;
			proxyType = 1;
			remoteGlobalIDString = 9C46C9191C8787C500458CD2;
			remoteInfo = "tapper-extreme";
		};
		9C46C93A1C8787C500458CD2 /* PBXContainerItemProxy */ = {
			isa = PBXContainerItemProxy;
			containerPortal = 9C46C9121C8787C500458CD2 /* Project object */;
			proxyType = 1;
			remoteGlobalIDString = 9C46C9191C8787C500458CD2;
			remoteInfo = "tapper-extreme";
		};
/* End PBXContainerItemProxy section */

/* Begin PBXFileReference section */
		9C46C91A1C8787C500458CD2 /* tapper-extreme.app */ = {isa = PBXFileReference; explicitFileType = wrapper.application; includeInIndex = 0; path = "tapper-extreme.app"; sourceTree = BUILT_PRODUCTS_DIR; };
		9C46C91D1C8787C500458CD2 /* AppDelegate.swift */ = {isa = PBXFileReference; lastKnownFileType = sourcecode.swift; path = AppDelegate.swift; sourceTree = "<group>"; };
		9C46C91F1C8787C500458CD2 /* ViewController.swift */ = {isa = PBXFileReference; lastKnownFileType = sourcecode.swift; path = ViewController.swift; sourceTree = "<group>"; };
		9C46C9221C8787C500458CD2 /* Base */ = {isa = PBXFileReference; lastKnownFileType = file.storyboard; name = Base; path = Base.lproj/Main.storyboard; sourceTree = "<group>"; };
		9C46C9241C8787C500458CD2 /* Assets.xcassets */ = {isa = PBXFileReference; lastKnownFileType = folder.assetcatalog; path = Assets.xcassets; sourceTree = "<group>"; };
		9C46C9271C8787C500458CD2 /* Base */ = {isa = PBXFileReference; lastKnownFileType = file.storyboard; name = Base; path = Base.lproj/LaunchScreen.storyboard; sourceTree = "<group>"; };
		9C46C9291C8787C500458CD2 /* Info.plist */ = {isa = PBXFileReference; lastKnownFileType = text.plist.xml; path = Info.plist; sourceTree = "<group>"; };
		9C46C92E1C8787C500458CD2 /* tapper-extremeTests.xctest */ = {isa = PBXFileReference; explicitFileType = wrapper.cfbundle; includeInIndex = 0; path = "tapper-extremeTests.xctest"; sourceTree = BUILT_PRODUCTS_DIR; };
		9C46C9321C8787C500458CD2 /* tapper_extremeTests.swift */ = {isa = PBXFileReference; lastKnownFileType = sourcecode.swift; path = tapper_extremeTests.swift; sourceTree = "<group>"; };
		9C46C9341C8787C500458CD2 /* Info.plist */ = {isa = PBXFileReference; lastKnownFileType = text.plist.xml; path = Info.plist; sourceTree = "<group>"; };
		9C46C9391C8787C500458CD2 /* tapper-extremeUITests.xctest */ = {isa = PBXFileReference; explicitFileType = wrapper.cfbundle; includeInIndex = 0; path = "tapper-extremeUITests.xctest"; sourceTree = BUILT_PRODUCTS_DIR; };
		9C46C93D1C8787C500458CD2 /* tapper_extremeUITests.swift */ = {isa = PBXFileReference; lastKnownFileType = sourcecode.swift; path = tapper_extremeUITests.swift; sourceTree = "<group>"; };
		9C46C93F1C8787C500458CD2 /* Info.plist */ = {isa = PBXFileReference; lastKnownFileType = text.plist.xml; path = Info.plist; sourceTree = "<group>"; };
/* End PBXFileReference section */

/* Begin PBXFrameworksBuildPhase section */
		9C46C9171C8787C500458CD2 /* Frameworks */ = {
			isa = PBXFrameworksBuildPhase;
			buildActionMask = 2147483647;
			files = (
			);
			runOnlyForDeploymentPostprocessing = 0;
		};
		9C46C92B1C8787C500458CD2 /* Frameworks */ = {
			isa = PBXFrameworksBuildPhase;
			buildActionMask = 2147483647;
			files = (
			);
			runOnlyForDeploymentPostprocessing = 0;
		};
		9C46C9361C8787C500458CD2 /* Frameworks */ = {
			isa = PBXFrameworksBuildPhase;
			buildActionMask = 2147483647;
			files = (
			);
			runOnlyForDeploymentPostprocessing = 0;
		};
/* End PBXFrameworksBuildPhase section */

/* Begin PBXGroup section */
		9C46C9111C8787C500458CD2 = {
			isa = PBXGroup;
			children = (
				9C46C91C1C8787C500458CD2 /* tapper-extreme */,
				9C46C9311C8787C500458CD2 /* tapper-extremeTests */,
				9C46C93C1C8787C500458CD2 /* tapper-extremeUITests */,
				9C46C91B1C8787C500458CD2 /* Products */,
			);
			sourceTree = "<group>";
		};
		9C46C91B1C8787C500458CD2 /* Products */ = {
			isa = PBXGroup;
			children = (
				9C46C91A1C8787C500458CD2 /* tapper-extreme.app */,
				9C46C92E1C8787C500458CD2 /* tapper-extremeTests.xctest */,
				9C46C9391C8787C500458CD2 /* tapper-extremeUITests.xctest */,
			);
			name = Products;
			sourceTree = "<group>";
		};
		9C46C91C1C8787C500458CD2 /* tapper-extreme */ = {
			isa = PBXGroup;
			children = (
				9C46C91D1C8787C500458CD2 /* AppDelegate.swift */,
				9C46C91F1C8787C500458CD2 /* ViewController.swift */,
				9C46C9211C8787C500458CD2 /* Main.storyboard */,
				9C46C9241C8787C500458CD2 /* Assets.xcassets */,
				9C46C9261C8787C500458CD2 /* LaunchScreen.storyboard */,
				9C46C9291C8787C500458CD2 /* Info.plist */,
			);
			path = "tapper-extreme";
			sourceTree = "<group>";
		};
		9C46C9311C8787C500458CD2 /* tapper-extremeTests */ = {
			isa = PBXGroup;
			children = (
				9C46C9321C8787C500458CD2 /* tapper_extremeTests.swift */,
				9C46C9341C8787C500458CD2 /* Info.plist */,
			);
			path = "tapper-extremeTests";
			sourceTree = "<group>";
		};
		9C46C93C1C8787C500458CD2 /* tapper-extremeUITests */ = {
			isa = PBXGroup;
			children = (
				9C46C93D1C8787C500458CD2 /* tapper_extremeUITests.swift */,
				9C46C93F1C8787C500458CD2 /* Info.plist */,
			);
			path = "tapper-extremeUITests";
			sourceTree = "<group>";
		};
/* End PBXGroup section */

/* Begin PBXNativeTarget section */
		9C46C9191C8787C500458CD2 /* tapper-extreme */ = {
			isa = PBXNativeTarget;
			buildConfigurationList = 9C46C9421C8787C500458CD2 /* Build configuration list for PBXNativeTarget "tapper-extreme" */;
			buildPhases = (
				9C46C9161C8787C500458CD2 /* Sources */,
				9C46C9171C8787C500458CD2 /* Frameworks */,
				9C46C9181C8787C500458CD2 /* Resources */,
			);
			buildRules = (
			);
			dependencies = (
			);
			name = "tapper-extreme";
			productName = "tapper-extreme";
			productReference = 9C46C91A1C8787C500458CD2 /* tapper-extreme.app */;
			productType = "com.apple.product-type.application";
		};
		9C46C92D1C8787C500458CD2 /* tapper-extremeTests */ = {
			isa = PBXNativeTarget;
			buildConfigurationList = 9C46C9451C8787C500458CD2 /* Build configuration list for PBXNativeTarget "tapper-extremeTests" */;
			buildPhases = (
				9C46C92A1C8787C500458CD2 /* Sources */,
				9C46C92B1C8787C500458CD2 /* Frameworks */,
				9C46C92C1C8787C500458CD2 /* Resources */,
			);
			buildRules = (
			);
			dependencies = (
				9C46C9301C8787C500458CD2 /* PBXTargetDependency */,
			);
			name = "tapper-extremeTests";
			productName = "tapper-extremeTests";
			productReference = 9C46C92E1C8787C500458CD2 /* tapper-extremeTests.xctest */;
			productType = "com.apple.product-type.bundle.unit-test";
		};
		9C46C9381C8787C500458CD2 /* tapper-extremeUITests */ = {
			isa = PBXNativeTarget;
			buildConfigurationList = 9C46C9481C8787C500458CD2 /* Build configuration list for PBXNativeTarget "tapper-extremeUITests" */;
			buildPhases = (
				9C46C9351C8787C500458CD2 /* Sources */,
				9C46C9361C8787C500458CD2 /* Frameworks */,
				9C46C9371C8787C500458CD2 /* Resources */,
			);
			buildRules = (
			);
			dependencies = (
				9C46C93B1C8787C500458CD2 /* PBXTargetDependency */,
			);
			name = "tapper-extremeUITests";
			productName = "tapper-extremeUITests";
			productReference = 9C46C9391C8787C500458CD2 /* tapper-extremeUITests.xctest */;
			productType = "com.apple.product-type.bundle.ui-testing";
		};
/* End PBXNativeTarget section */

/* Begin PBXProject section */
		9C46C9121C8787C500458CD2 /* Project object */ = {
			isa = PBXProject;
			attributes = {
				LastSwiftUpdateCheck = 0720;
				LastUpgradeCheck = 0720;
				ORGANIZATIONNAME = "Craig Newcomb";
				TargetAttributes = {
					9C46C9191C8787C500458CD2 = {
						CreatedOnToolsVersion = 7.2.1;
					};
					9C46C92D1C8787C500458CD2 = {
						CreatedOnToolsVersion = 7.2.1;
						TestTargetID = 9C46C9191C8787C500458CD2;
					};
					9C46C9381C8787C500458CD2 = {
						CreatedOnToolsVersion = 7.2.1;
						TestTargetID = 9C46C9191C8787C500458CD2;
					};
				};
			};
			buildConfigurationList = 9C46C9151C8787C500458CD2 /* Build configuration list for PBXProject "tapper-extreme" */;
			compatibilityVersion = "Xcode 3.2";
			developmentRegion = English;
			hasScannedForEncodings = 0;
			knownRegions = (
				en,
				Base,
			);
			mainGroup = 9C46C9111C8787C500458CD2;
			productRefGroup = 9C46C91B1C8787C500458CD2 /* Products */;
			projectDirPath = "";
			projectRoot = "";
			targets = (
				9C46C9191C8787C500458CD2 /* tapper-extreme */,
				9C46C92D1C8787C500458CD2 /* tapper-extremeTests */,
				9C46C9381C8787C500458CD2 /* tapper-extremeUITests */,
			);
		};
/* End PBXProject section */

/* Begin PBXResourcesBuildPhase section */
		9C46C9181C8787C500458CD2 /* Resources */ = {
			isa = PBXResourcesBuildPhase;
			buildActionMask = 2147483647;
			files = (
				9C46C9281C8787C500458CD2 /* LaunchScreen.storyboard in Resources */,
				9C46C9251C8787C500458CD2 /* Assets.xcassets in Resources */,
				9C46C9231C8787C500458CD2 /* Main.storyboard in Resources */,
			);
			runOnlyForDeploymentPostprocessing = 0;
		};
		9C46C92C1C8787C500458CD2 /* Resources */ = {
			isa = PBXResourcesBuildPhase;
			buildActionMask = 2147483647;
			files = (
			);
			runOnlyForDeploymentPostprocessing = 0;
		};
		9C46C9371C8787C500458CD2 /* Resources */ = {
			isa = PBXResourcesBuildPhase;
			buildActionMask = 2147483647;
			files = (
			);
			runOnlyForDeploymentPostprocessing = 0;
		};
/* End PBXResourcesBuildPhase section */

/* Begin PBXSourcesBuildPhase section */
		9C46C9161C8787C500458CD2 /* Sources */ = {
			isa = PBXSourcesBuildPhase;
			buildActionMask = 2147483647;
			files = (
				9C46C9201C8787C500458CD2 /* ViewController.swift in Sources */,
				9C46C91E1C8787C500458CD2 /* AppDelegate.swift in Sources */,
			);
			runOnlyForDeploymentPostprocessing = 0;
		};
		9C46C92A1C8787C500458CD2 /* Sources */ = {
			isa = PBXSourcesBuildPhase;
			buildActionMask = 2147483647;
			files = (
				9C46C9331C8787C500458CD2 /* tapper_extremeTests.swift in Sources */,
			);
			runOnlyForDeploymentPostprocessing = 0;
		};
		9C46C9351C8787C500458CD2 /* Sources */ = {
			isa = PBXSourcesBuildPhase;
			buildActionMask = 2147483647;
			files = (
				9C46C93E1C8787C500458CD2 /* tapper_extremeUITests.swift in Sources */,
			);
			runOnlyForDeploymentPostprocessing = 0;
		};
/* End PBXSourcesBuildPhase section */

/* Begin PBXTargetDependency section */
		9C46C9301C8787C500458CD2 /* PBXTargetDependency */ = {
			isa = PBXTargetDependency;
			target = 9C46C9191C8787C500458CD2 /* tapper-extreme */;
			targetProxy = 9C46C92F1C8787C500458CD2 /* PBXContainerItemProxy */;
		};
		9C46C93B1C8787C500458CD2 /* PBXTargetDependency */ = {
			isa = PBXTargetDependency;
			target = 9C46C9191C8787C500458CD2 /* tapper-extreme */;
			targetProxy = 9C46C93A1C8787C500458CD2 /* PBXContainerItemProxy */;
		};
/* End PBXTargetDependency section */

/* Begin PBXVariantGroup section */
		9C46C9211C8787C500458CD2 /* Main.storyboard */ = {
			isa = PBXVariantGroup;
			children = (
				9C46C9221C8787C500458CD2 /* Base */,
			);
			name = Main.storyboard;
			sourceTree = "<group>";
		};
		9C46C9261C8787C500458CD2 /* LaunchScreen.storyboard */ = {
			isa = PBXVariantGroup;
			children = (
				9C46C9271C8787C500458CD2 /* Base */,
			);
			name = LaunchScreen.storyboard;
			sourceTree = "<group>";
		};
/* End PBXVariantGroup section */

/* Begin XCBuildConfiguration section */
		9C46C9401C8787C500458CD2 /* Debug */ = {
			isa = XCBuildConfiguration;
			buildSettings = {
				ALWAYS_SEARCH_USER_PATHS = NO;
				CLANG_CXX_LANGUAGE_STANDARD = "gnu++0x";
				CLANG_CXX_LIBRARY = "libc++";
				CLANG_ENABLE_MODULES = YES;
				CLANG_ENABLE_OBJC_ARC = YES;
				CLANG_WARN_BOOL_CONVERSION = YES;
				CLANG_WARN_CONSTANT_CONVERSION = YES;
				CLANG_WARN_DIRECT_OBJC_ISA_USAGE = YES_ERROR;
				CLANG_WARN_EMPTY_BODY = YES;
				CLANG_WARN_ENUM_CONVERSION = YES;
				CLANG_WARN_INT_CONVERSION = YES;
				CLANG_WARN_OBJC_ROOT_CLASS = YES_ERROR;
				CLANG_WARN_UNREACHABLE_CODE = YES;
				CLANG_WARN__DUPLICATE_METHOD_MATCH = YES;
				"CODE_SIGN_IDENTITY[sdk=iphoneos*]" = "iPhone Developer";
				COPY_PHASE_STRIP = NO;
				DEBUG_INFORMATION_FORMAT = dwarf;
				ENABLE_STRICT_OBJC_MSGSEND = YES;
				ENABLE_TESTABILITY = YES;
				GCC_C_LANGUAGE_STANDARD = gnu99;
				GCC_DYNAMIC_NO_PIC = NO;
				GCC_NO_COMMON_BLOCKS = YES;
				GCC_OPTIMIZATION_LEVEL = 0;
				GCC_PREPROCESSOR_DEFINITIONS = (
					"DEBUG=1",
					"$(inherited)",
				);
				GCC_WARN_64_TO_32_BIT_CONVERSION = YES;
				GCC_WARN_ABOUT_RETURN_TYPE = YES_ERROR;
				GCC_WARN_UNDECLARED_SELECTOR = YES;
				GCC_WARN_UNINITIALIZED_AUTOS = YES_AGGRESSIVE;
				GCC_WARN_UNUSED_FUNCTION = YES;
				GCC_WARN_UNUSED_VARIABLE = YES;
				IPHONEOS_DEPLOYMENT_TARGET = 9.2;
				MTL_ENABLE_DEBUG_INFO = YES;
				ONLY_ACTIVE_ARCH = YES;
				SDKROOT = iphoneos;
				SWIFT_OPTIMIZATION_LEVEL = "-Onone";
				TARGETED_DEVICE_FAMILY = "1,2";
			};
			name = Debug;
		};
		9C46C9411C8787C500458CD2 /* Release */ = {
			isa = XCBuildConfiguration;
			buildSettings = {
				ALWAYS_SEARCH_USER_PATHS = NO;
				CLANG_CXX_LANGUAGE_STANDARD = "gnu++0x";
				CLANG_CXX_LIBRARY = "libc++";
				CLANG_ENABLE_MODULES = YES;
				CLANG_ENABLE_OBJC_ARC = YES;
				CLANG_WARN_BOOL_CONVERSION = YES;
				CLANG_WARN_CONSTANT_CONVERSION = YES;
				CLANG_WARN_DIRECT_OBJC_ISA_USAGE = YES_ERROR;
				CLANG_WARN_EMPTY_BODY = YES;
				CLANG_WARN_ENUM_CONVERSION = YES;
				CLANG_WARN_INT_CONVERSION = YES;
				CLANG_WARN_OBJC_ROOT_CLASS = YES_ERROR;
				CLANG_WARN_UNREACHABLE_CODE = YES;
				CLANG_WARN__DUPLICATE_METHOD_MATCH = YES;
				"CODE_SIGN_IDENTITY[sdk=iphoneos*]" = "iPhone Developer";
				COPY_PHASE_STRIP = NO;
				DEBUG_INFORMATION_FORMAT = "dwarf-with-dsym";
				ENABLE_NS_ASSERTIONS = NO;
				ENABLE_STRICT_OBJC_MSGSEND = YES;
				GCC_C_LANGUAGE_STANDARD = gnu99;
				GCC_NO_COMMON_BLOCKS = YES;
				GCC_WARN_64_TO_32_BIT_CONVERSION = YES;
				GCC_WARN_ABOUT_RETURN_TYPE = YES_ERROR;
				GCC_WARN_UNDECLARED_SELECTOR = YES;
				GCC_WARN_UNINITIALIZED_AUTOS = YES_AGGRESSIVE;
				GCC_WARN_UNUSED_FUNCTION = YES;
				GCC_WARN_UNUSED_VARIABLE = YES;
				IPHONEOS_DEPLOYMENT_TARGET = 9.2;
				MTL_ENABLE_DEBUG_INFO = NO;
				SDKROOT = iphoneos;
				TARGETED_DEVICE_FAMILY = "1,2";
				VALIDATE_PRODUCT = YES;
			};
			name = Release;
		};
		9C46C9431C8787C500458CD2 /* Debug */ = {
			isa = XCBuildConfiguration;
			buildSettings = {
				ASSETCATALOG_COMPILER_APPICON_NAME = AppIcon;
				INFOPLIST_FILE = "tapper-extreme/Info.plist";
				LD_RUNPATH_SEARCH_PATHS = "$(inherited) @executable_path/Frameworks";
				PRODUCT_BUNDLE_IDENTIFIER = "com.CraigNewcomb.tapper-extreme";
				PRODUCT_NAME = "$(TARGET_NAME)";
			};
			name = Debug;
		};
		9C46C9441C8787C500458CD2 /* Release */ = {
			isa = XCBuildConfiguration;
			buildSettings = {
				ASSETCATALOG_COMPILER_APPICON_NAME = AppIcon;
				INFOPLIST_FILE = "tapper-extreme/Info.plist";
				LD_RUNPATH_SEARCH_PATHS = "$(inherited) @executable_path/Frameworks";
				PRODUCT_BUNDLE_IDENTIFIER = "com.CraigNewcomb.tapper-extreme";
				PRODUCT_NAME = "$(TARGET_NAME)";
			};
			name = Release;
		};
		9C46C9461C8787C500458CD2 /* Debug */ = {
			isa = XCBuildConfiguration;
			buildSettings = {
				BUNDLE_LOADER = "$(TEST_HOST)";
				INFOPLIST_FILE = "tapper-extremeTests/Info.plist";
				LD_RUNPATH_SEARCH_PATHS = "$(inherited) @executable_path/Frameworks @loader_path/Frameworks";
				PRODUCT_BUNDLE_IDENTIFIER = "com.CraigNewcomb.tapper-extremeTests";
				PRODUCT_NAME = "$(TARGET_NAME)";
				TEST_HOST = "$(BUILT_PRODUCTS_DIR)/tapper-extreme.app/tapper-extreme";
			};
			name = Debug;
		};
		9C46C9471C8787C500458CD2 /* Release */ = {
			isa = XCBuildConfiguration;
			buildSettings = {
				BUNDLE_LOADER = "$(TEST_HOST)";
				INFOPLIST_FILE = "tapper-extremeTests/Info.plist";
				LD_RUNPATH_SEARCH_PATHS = "$(inherited) @executable_path/Frameworks @loader_path/Frameworks";
				PRODUCT_BUNDLE_IDENTIFIER = "com.CraigNewcomb.tapper-extremeTests";
				PRODUCT_NAME = "$(TARGET_NAME)";
				TEST_HOST = "$(BUILT_PRODUCTS_DIR)/tapper-extreme.app/tapper-extreme";
			};
			name = Release;
		};
		9C46C9491C8787C500458CD2 /* Debug */ = {
			isa = XCBuildConfiguration;
			buildSettings = {
				INFOPLIST_FILE = "tapper-extremeUITests/Info.plist";
				LD_RUNPATH_SEARCH_PATHS = "$(inherited) @executable_path/Frameworks @loader_path/Frameworks";
				PRODUCT_BUNDLE_IDENTIFIER = "com.CraigNewcomb.tapper-extremeUITests";
				PRODUCT_NAME = "$(TARGET_NAME)";
				TEST_TARGET_NAME = "tapper-extreme";
				USES_XCTRUNNER = YES;
			};
			name = Debug;
		};
		9C46C94A1C8787C500458CD2 /* Release */ = {
			isa = XCBuildConfiguration;
			buildSettings = {
				INFOPLIST_FILE = "tapper-extremeUITests/Info.plist";
				LD_RUNPATH_SEARCH_PATHS = "$(inherited) @executable_path/Frameworks @loader_path/Frameworks";
				PRODUCT_BUNDLE_IDENTIFIER = "com.CraigNewcomb.tapper-extremeUITests";
				PRODUCT_NAME = "$(TARGET_NAME)";
				TEST_TARGET_NAME = "tapper-extreme";
				USES_XCTRUNNER = YES;
			};
			name = Release;
		};
/* End XCBuildConfiguration section */

/* Begin XCConfigurationList section */
		9C46C9151C8787C500458CD2 /* Build configuration list for PBXProject "tapper-extreme" */ = {
			isa = XCConfigurationList;
			buildConfigurations = (
				9C46C9401C8787C500458CD2 /* Debug */,
				9C46C9411C8787C500458CD2 /* Release */,
			);
			defaultConfigurationIsVisible = 0;
			defaultConfigurationName = Release;
		};
		9C46C9421C8787C500458CD2 /* Build configuration list for PBXNativeTarget "tapper-extreme" */ = {
			isa = XCConfigurationList;
			buildConfigurations = (
				9C46C9431C8787C500458CD2 /* Debug */,
				9C46C9441C8787C500458CD2 /* Release */,
			);
			defaultConfigurationIsVisible = 0;
		};
		9C46C9451C8787C500458CD2 /* Build configuration list for PBXNativeTarget "tapper-extremeTests" */ = {
			isa = XCConfigurationList;
			buildConfigurations = (
				9C46C9461C8787C500458CD2 /* Debug */,
				9C46C9471C8787C500458CD2 /* Release */,
			);
			defaultConfigurationIsVisible = 0;
		};
		9C46C9481C8787C500458CD2 /* Build configuration list for PBXNativeTarget "tapper-extremeUITests" */ = {
			isa = XCConfigurationList;
			buildConfigurations = (
				9C46C9491C8787C500458CD2 /* Debug */,
				9C46C94A1C8787C500458CD2 /* Release */,
			);
			defaultConfigurationIsVisible = 0;
		};
/* End XCConfigurationList section */
	};
	rootObject = 9C46C9121C8787C500458CD2 /* Project object */;
}
